// !$*UTF8*$!
{
	archiveVersion = 1;
	classes = {
	};
	objectVersion = 77;
	objects = {

/* Begin PBXBuildFile section */
		84CEB9342DC0558000D71D3E /* Auth0 in Frameworks */ = {isa = PBXBuildFile; productRef = 84CEB9332DC0558000D71D3E /* Auth0 */; };
/* End PBXBuildFile section */

/* Begin PBXContainerItemProxy section */
		84CEB89F2DC023C800D71D3E /* PBXContainerItemProxy */ = {
			isa = PBXContainerItemProxy;
			containerPortal = 84CEB8862DC023C600D71D3E /* Project object */;
			proxyType = 1;
			remoteGlobalIDString = 84CEB88D2DC023C600D71D3E;
			remoteInfo = SpaceFlightNew;
		};
		84CEB8A92DC023C800D71D3E /* PBXContainerItemProxy */ = {
			isa = PBXContainerItemProxy;
			containerPortal = 84CEB8862DC023C600D71D3E /* Project object */;
			proxyType = 1;
			remoteGlobalIDString = 84CEB88D2DC023C600D71D3E;
			remoteInfo = SpaceFlightNew;
		};
/* End PBXContainerItemProxy section */

/* Begin PBXFileReference section */
		84CEB88E2DC023C600D71D3E /* SpaceFlightNew.app */ = {isa = PBXFileReference; explicitFileType = wrapper.application; includeInIndex = 0; path = SpaceFlightNew.app; sourceTree = BUILT_PRODUCTS_DIR; };
		84CEB89E2DC023C800D71D3E /* SpaceFlightNewTests.xctest */ = {isa = PBXFileReference; explicitFileType = wrapper.cfbundle; includeInIndex = 0; path = SpaceFlightNewTests.xctest; sourceTree = BUILT_PRODUCTS_DIR; };
		84CEB8A82DC023C800D71D3E /* SpaceFlightNewUITests.xctest */ = {isa = PBXFileReference; explicitFileType = wrapper.cfbundle; includeInIndex = 0; path = SpaceFlightNewUITests.xctest; sourceTree = BUILT_PRODUCTS_DIR; };
/* End PBXFileReference section */

/* Begin PBXFileSystemSynchronizedRootGroup section */
		84CEB8902DC023C600D71D3E /* SpaceFlightNew */ = {
			isa = PBXFileSystemSynchronizedRootGroup;
			path = SpaceFlightNew;
			sourceTree = "<group>";
		};
		84CEB8A12DC023C800D71D3E /* SpaceFlightNewTests */ = {
			isa = PBXFileSystemSynchronizedRootGroup;
			path = SpaceFlightNewTests;
			sourceTree = "<group>";
		};
		84CEB8AB2DC023C800D71D3E /* SpaceFlightNewUITests */ = {
			isa = PBXFileSystemSynchronizedRootGroup;
			path = SpaceFlightNewUITests;
			sourceTree = "<group>";
		};
/* End PBXFileSystemSynchronizedRootGroup section */

/* Begin PBXFrameworksBuildPhase section */
		84CEB88B2DC023C600D71D3E /* Frameworks */ = {
			isa = PBXFrameworksBuildPhase;
			buildActionMask = 2147483647;
			files = (
				84CEB9342DC0558000D71D3E /* Auth0 in Frameworks */,
			);
			runOnlyForDeploymentPostprocessing = 0;
		};
		84CEB89B2DC023C800D71D3E /* Frameworks */ = {
			isa = PBXFrameworksBuildPhase;
			buildActionMask = 2147483647;
			files = (
			);
			runOnlyForDeploymentPostprocessing = 0;
		};
		84CEB8A52DC023C800D71D3E /* Frameworks */ = {
			isa = PBXFrameworksBuildPhase;
			buildActionMask = 2147483647;
			files = (
			);
			runOnlyForDeploymentPostprocessing = 0;
		};
/* End PBXFrameworksBuildPhase section */

/* Begin PBXGroup section */
		84CEB8852DC023C600D71D3E = {
			isa = PBXGroup;
			children = (
				84CEB8902DC023C600D71D3E /* SpaceFlightNew */,
				84CEB8A12DC023C800D71D3E /* SpaceFlightNewTests */,
				84CEB8AB2DC023C800D71D3E /* SpaceFlightNewUITests */,
				84CEB9322DC0558000D71D3E /* Frameworks */,
				84CEB88F2DC023C600D71D3E /* Products */,
			);
			sourceTree = "<group>";
		};
		84CEB88F2DC023C600D71D3E /* Products */ = {
			isa = PBXGroup;
			children = (
				84CEB88E2DC023C600D71D3E /* SpaceFlightNew.app */,
				84CEB89E2DC023C800D71D3E /* SpaceFlightNewTests.xctest */,
				84CEB8A82DC023C800D71D3E /* SpaceFlightNewUITests.xctest */,
			);
			name = Products;
			sourceTree = "<group>";
		};
		84CEB9322DC0558000D71D3E /* Frameworks */ = {
			isa = PBXGroup;
			children = (
			);
			name = Frameworks;
			sourceTree = "<group>";
		};
/* End PBXGroup section */

/* Begin PBXNativeTarget section */
		84CEB88D2DC023C600D71D3E /* SpaceFlightNew */ = {
			isa = PBXNativeTarget;
			buildConfigurationList = 84CEB8B22DC023C800D71D3E /* Build configuration list for PBXNativeTarget "SpaceFlightNew" */;
			buildPhases = (
				84CEB88A2DC023C600D71D3E /* Sources */,
				84CEB88B2DC023C600D71D3E /* Frameworks */,
				84CEB88C2DC023C600D71D3E /* Resources */,
			);
			buildRules = (
			);
			dependencies = (
			);
			fileSystemSynchronizedGroups = (
				84CEB8902DC023C600D71D3E /* SpaceFlightNew */,
			);
			name = SpaceFlightNew;
			packageProductDependencies = (
				84CEB9332DC0558000D71D3E /* Auth0 */,
			);
			productName = SpaceFlightNew;
			productReference = 84CEB88E2DC023C600D71D3E /* SpaceFlightNew.app */;
			productType = "com.apple.product-type.application";
		};
		84CEB89D2DC023C800D71D3E /* SpaceFlightNewTests */ = {
			isa = PBXNativeTarget;
			buildConfigurationList = 84CEB8B52DC023C800D71D3E /* Build configuration list for PBXNativeTarget "SpaceFlightNewTests" */;
			buildPhases = (
				84CEB89A2DC023C800D71D3E /* Sources */,
				84CEB89B2DC023C800D71D3E /* Frameworks */,
				84CEB89C2DC023C800D71D3E /* Resources */,
			);
			buildRules = (
			);
			dependencies = (
				84CEB8A02DC023C800D71D3E /* PBXTargetDependency */,
			);
			fileSystemSynchronizedGroups = (
				84CEB8A12DC023C800D71D3E /* SpaceFlightNewTests */,
			);
			name = SpaceFlightNewTests;
			packageProductDependencies = (
			);
			productName = SpaceFlightNewTests;
			productReference = 84CEB89E2DC023C800D71D3E /* SpaceFlightNewTests.xctest */;
			productType = "com.apple.product-type.bundle.unit-test";
		};
		84CEB8A72DC023C800D71D3E /* SpaceFlightNewUITests */ = {
			isa = PBXNativeTarget;
			buildConfigurationList = 84CEB8B82DC023C800D71D3E /* Build configuration list for PBXNativeTarget "SpaceFlightNewUITests" */;
			buildPhases = (
				84CEB8A42DC023C800D71D3E /* Sources */,
				84CEB8A52DC023C800D71D3E /* Frameworks */,
				84CEB8A62DC023C800D71D3E /* Resources */,
			);
			buildRules = (
			);
			dependencies = (
				84CEB8AA2DC023C800D71D3E /* PBXTargetDependency */,
			);
			fileSystemSynchronizedGroups = (
				84CEB8AB2DC023C800D71D3E /* SpaceFlightNewUITests */,
			);
			name = SpaceFlightNewUITests;
			packageProductDependencies = (
			);
			productName = SpaceFlightNewUITests;
			productReference = 84CEB8A82DC023C800D71D3E /* SpaceFlightNewUITests.xctest */;
			productType = "com.apple.product-type.bundle.ui-testing";
		};
/* End PBXNativeTarget section */

/* Begin PBXProject section */
		84CEB8862DC023C600D71D3E /* Project object */ = {
			isa = PBXProject;
			attributes = {
				BuildIndependentTargetsInParallel = 1;
				LastSwiftUpdateCheck = 1600;
				LastUpgradeCheck = 1600;
				TargetAttributes = {
					84CEB88D2DC023C600D71D3E = {
						CreatedOnToolsVersion = 16.0;
					};
					84CEB89D2DC023C800D71D3E = {
						CreatedOnToolsVersion = 16.0;
						TestTargetID = 84CEB88D2DC023C600D71D3E;
					};
					84CEB8A72DC023C800D71D3E = {
						CreatedOnToolsVersion = 16.0;
						TestTargetID = 84CEB88D2DC023C600D71D3E;
					};
				};
			};
			buildConfigurationList = 84CEB8892DC023C600D71D3E /* Build configuration list for PBXProject "SpaceFlightNew" */;
			developmentRegion = en;
			hasScannedForEncodings = 0;
			knownRegions = (
				en,
				Base,
			);
			mainGroup = 84CEB8852DC023C600D71D3E;
			minimizedProjectReferenceProxies = 1;
			packageReferences = (
				84CEB8BB2DC024EF00D71D3E /* XCRemoteSwiftPackageReference "Auth0" */,
			);
			preferredProjectObjectVersion = 77;
			productRefGroup = 84CEB88F2DC023C600D71D3E /* Products */;
			projectDirPath = "";
			projectRoot = "";
			targets = (
				84CEB88D2DC023C600D71D3E /* SpaceFlightNew */,
				84CEB89D2DC023C800D71D3E /* SpaceFlightNewTests */,
				84CEB8A72DC023C800D71D3E /* SpaceFlightNewUITests */,
			);
		};
/* End PBXProject section */

/* Begin PBXResourcesBuildPhase section */
		84CEB88C2DC023C600D71D3E /* Resources */ = {
			isa = PBXResourcesBuildPhase;
			buildActionMask = 2147483647;
			files = (
			);
			runOnlyForDeploymentPostprocessing = 0;
		};
		84CEB89C2DC023C800D71D3E /* Resources */ = {
			isa = PBXResourcesBuildPhase;
			buildActionMask = 2147483647;
			files = (
			);
			runOnlyForDeploymentPostprocessing = 0;
		};
		84CEB8A62DC023C800D71D3E /* Resources */ = {
			isa = PBXResourcesBuildPhase;
			buildActionMask = 2147483647;
			files = (
			);
			runOnlyForDeploymentPostprocessing = 0;
		};
/* End PBXResourcesBuildPhase section */

/* Begin PBXSourcesBuildPhase section */
		84CEB88A2DC023C600D71D3E /* Sources */ = {
			isa = PBXSourcesBuildPhase;
			buildActionMask = 2147483647;
			files = (
			);
			runOnlyForDeploymentPostprocessing = 0;
		};
		84CEB89A2DC023C800D71D3E /* Sources */ = {
			isa = PBXSourcesBuildPhase;
			buildActionMask = 2147483647;
			files = (
			);
			runOnlyForDeploymentPostprocessing = 0;
		};
		84CEB8A42DC023C800D71D3E /* Sources */ = {
			isa = PBXSourcesBuildPhase;
			buildActionMask = 2147483647;
			files = (
			);
			runOnlyForDeploymentPostprocessing = 0;
		};
/* End PBXSourcesBuildPhase section */

/* Begin PBXTargetDependency section */
		84CEB8A02DC023C800D71D3E /* PBXTargetDependency */ = {
			isa = PBXTargetDependency;
			target = 84CEB88D2DC023C600D71D3E /* SpaceFlightNew */;
			targetProxy = 84CEB89F2DC023C800D71D3E /* PBXContainerItemProxy */;
		};
		84CEB8AA2DC023C800D71D3E /* PBXTargetDependency */ = {
			isa = PBXTargetDependency;
			target = 84CEB88D2DC023C600D71D3E /* SpaceFlightNew */;
			targetProxy = 84CEB8A92DC023C800D71D3E /* PBXContainerItemProxy */;
		};
/* End PBXTargetDependency section */

/* Begin XCBuildConfiguration section */
		84CEB8B02DC023C800D71D3E /* Debug */ = {
			isa = XCBuildConfiguration;
			buildSettings = {
				ALWAYS_SEARCH_USER_PATHS = NO;
				ASSETCATALOG_COMPILER_GENERATE_SWIFT_ASSET_SYMBOL_EXTENSIONS = YES;
				CLANG_ANALYZER_NONNULL = YES;
				CLANG_ANALYZER_NUMBER_OBJECT_CONVERSION = YES_AGGRESSIVE;
				CLANG_CXX_LANGUAGE_STANDARD = "gnu++20";
				CLANG_ENABLE_MODULES = YES;
				CLANG_ENABLE_OBJC_ARC = YES;
				CLANG_ENABLE_OBJC_WEAK = YES;
				CLANG_WARN_BLOCK_CAPTURE_AUTORELEASING = YES;
				CLANG_WARN_BOOL_CONVERSION = YES;
				CLANG_WARN_COMMA = YES;
				CLANG_WARN_CONSTANT_CONVERSION = YES;
				CLANG_WARN_DEPRECATED_OBJC_IMPLEMENTATIONS = YES;
				CLANG_WARN_DIRECT_OBJC_ISA_USAGE = YES_ERROR;
				CLANG_WARN_DOCUMENTATION_COMMENTS = YES;
				CLANG_WARN_EMPTY_BODY = YES;
				CLANG_WARN_ENUM_CONVERSION = YES;
				CLANG_WARN_INFINITE_RECURSION = YES;
				CLANG_WARN_INT_CONVERSION = YES;
				CLANG_WARN_NON_LITERAL_NULL_CONVERSION = YES;
				CLANG_WARN_OBJC_IMPLICIT_RETAIN_SELF = YES;
				CLANG_WARN_OBJC_LITERAL_CONVERSION = YES;
				CLANG_WARN_OBJC_ROOT_CLASS = YES_ERROR;
				CLANG_WARN_QUOTED_INCLUDE_IN_FRAMEWORK_HEADER = YES;
				CLANG_WARN_RANGE_LOOP_ANALYSIS = YES;
				CLANG_WARN_STRICT_PROTOTYPES = YES;
				CLANG_WARN_SUSPICIOUS_MOVE = YES;
				CLANG_WARN_UNGUARDED_AVAILABILITY = YES_AGGRESSIVE;
				CLANG_WARN_UNREACHABLE_CODE = YES;
				CLANG_WARN__DUPLICATE_METHOD_MATCH = YES;
				COPY_PHASE_STRIP = NO;
				DEBUG_INFORMATION_FORMAT = dwarf;
				ENABLE_STRICT_OBJC_MSGSEND = YES;
				ENABLE_TESTABILITY = YES;
				ENABLE_USER_SCRIPT_SANDBOXING = YES;
				GCC_C_LANGUAGE_STANDARD = gnu17;
				GCC_DYNAMIC_NO_PIC = NO;
				GCC_NO_COMMON_BLOCKS = YES;
				GCC_OPTIMIZATION_LEVEL = 0;
				GCC_PREPROCESSOR_DEFINITIONS = (
					"DEBUG=1",
					"$(inherited)",
				);
				GCC_WARN_64_TO_32_BIT_CONVERSION = YES;
				GCC_WARN_ABOUT_RETURN_TYPE = YES_ERROR;
				GCC_WARN_UNDECLARED_SELECTOR = YES;
				GCC_WARN_UNINITIALIZED_AUTOS = YES_AGGRESSIVE;
				GCC_WARN_UNUSED_FUNCTION = YES;
				GCC_WARN_UNUSED_VARIABLE = YES;
				IPHONEOS_DEPLOYMENT_TARGET = 18.0;
				LOCALIZATION_PREFERS_STRING_CATALOGS = YES;
				MTL_ENABLE_DEBUG_INFO = INCLUDE_SOURCE;
				MTL_FAST_MATH = YES;
				ONLY_ACTIVE_ARCH = YES;
				SDKROOT = iphoneos;
				SWIFT_ACTIVE_COMPILATION_CONDITIONS = "DEBUG $(inherited)";
				SWIFT_OPTIMIZATION_LEVEL = "-Onone";
			};
			name = Debug;
		};
		84CEB8B12DC023C800D71D3E /* Release */ = {
			isa = XCBuildConfiguration;
			buildSettings = {
				ALWAYS_SEARCH_USER_PATHS = NO;
				ASSETCATALOG_COMPILER_GENERATE_SWIFT_ASSET_SYMBOL_EXTENSIONS = YES;
				CLANG_ANALYZER_NONNULL = YES;
				CLANG_ANALYZER_NUMBER_OBJECT_CONVERSION = YES_AGGRESSIVE;
				CLANG_CXX_LANGUAGE_STANDARD = "gnu++20";
				CLANG_ENABLE_MODULES = YES;
				CLANG_ENABLE_OBJC_ARC = YES;
				CLANG_ENABLE_OBJC_WEAK = YES;
				CLANG_WARN_BLOCK_CAPTURE_AUTORELEASING = YES;
				CLANG_WARN_BOOL_CONVERSION = YES;
				CLANG_WARN_COMMA = YES;
				CLANG_WARN_CONSTANT_CONVERSION = YES;
				CLANG_WARN_DEPRECATED_OBJC_IMPLEMENTATIONS = YES;
				CLANG_WARN_DIRECT_OBJC_ISA_USAGE = YES_ERROR;
				CLANG_WARN_DOCUMENTATION_COMMENTS = YES;
				CLANG_WARN_EMPTY_BODY = YES;
				CLANG_WARN_ENUM_CONVERSION = YES;
				CLANG_WARN_INFINITE_RECURSION = YES;
				CLANG_WARN_INT_CONVERSION = YES;
				CLANG_WARN_NON_LITERAL_NULL_CONVERSION = YES;
				CLANG_WARN_OBJC_IMPLICIT_RETAIN_SELF = YES;
				CLANG_WARN_OBJC_LITERAL_CONVERSION = YES;
				CLANG_WARN_OBJC_ROOT_CLASS = YES_ERROR;
				CLANG_WARN_QUOTED_INCLUDE_IN_FRAMEWORK_HEADER = YES;
				CLANG_WARN_RANGE_LOOP_ANALYSIS = YES;
				CLANG_WARN_STRICT_PROTOTYPES = YES;
				CLANG_WARN_SUSPICIOUS_MOVE = YES;
				CLANG_WARN_UNGUARDED_AVAILABILITY = YES_AGGRESSIVE;
				CLANG_WARN_UNREACHABLE_CODE = YES;
				CLANG_WARN__DUPLICATE_METHOD_MATCH = YES;
				COPY_PHASE_STRIP = NO;
				DEBUG_INFORMATION_FORMAT = "dwarf-with-dsym";
				ENABLE_NS_ASSERTIONS = NO;
				ENABLE_STRICT_OBJC_MSGSEND = YES;
				ENABLE_USER_SCRIPT_SANDBOXING = YES;
				GCC_C_LANGUAGE_STANDARD = gnu17;
				GCC_NO_COMMON_BLOCKS = YES;
				GCC_WARN_64_TO_32_BIT_CONVERSION = YES;
				GCC_WARN_ABOUT_RETURN_TYPE = YES_ERROR;
				GCC_WARN_UNDECLARED_SELECTOR = YES;
				GCC_WARN_UNINITIALIZED_AUTOS = YES_AGGRESSIVE;
				GCC_WARN_UNUSED_FUNCTION = YES;
				GCC_WARN_UNUSED_VARIABLE = YES;
				IPHONEOS_DEPLOYMENT_TARGET = 18.0;
				LOCALIZATION_PREFERS_STRING_CATALOGS = YES;
				MTL_ENABLE_DEBUG_INFO = NO;
				MTL_FAST_MATH = YES;
				SDKROOT = iphoneos;
				SWIFT_COMPILATION_MODE = wholemodule;
				VALIDATE_PRODUCT = YES;
			};
			name = Release;
		};
		84CEB8B32DC023C800D71D3E /* Debug */ = {
			isa = XCBuildConfiguration;
			buildSettings = {
				ASSETCATALOG_COMPILER_APPICON_NAME = AppIcon;
				ASSETCATALOG_COMPILER_GLOBAL_ACCENT_COLOR_NAME = AccentColor;
				CODE_SIGN_ENTITLEMENTS = SpaceFlightNew/SpaceFlightNew.entitlements;
				CODE_SIGN_STYLE = Automatic;
				CURRENT_PROJECT_VERSION = 1;
				DEVELOPMENT_ASSET_PATHS = "\"SpaceFlightNew/Preview Content\"";
				DEVELOPMENT_TEAM = 5UW74DAN6R;
				ENABLE_PREVIEWS = YES;
				GENERATE_INFOPLIST_FILE = YES;
				INFOPLIST_KEY_UIApplicationSceneManifest_Generation = YES;
				INFOPLIST_KEY_UIApplicationSupportsIndirectInputEvents = YES;
				INFOPLIST_KEY_UILaunchScreen_Generation = YES;
				INFOPLIST_KEY_UISupportedInterfaceOrientations_iPad = "UIInterfaceOrientationPortrait UIInterfaceOrientationPortraitUpsideDown UIInterfaceOrientationLandscapeLeft UIInterfaceOrientationLandscapeRight";
				INFOPLIST_KEY_UISupportedInterfaceOrientations_iPhone = "UIInterfaceOrientationPortrait UIInterfaceOrientationLandscapeLeft UIInterfaceOrientationLandscapeRight";
				LD_RUNPATH_SEARCH_PATHS = (
					"$(inherited)",
					"@executable_path/Frameworks",
				);
				MARKETING_VERSION = 1.0;
				PRODUCT_BUNDLE_IDENTIFIER = com.amini.SpaceFlightNew;
				PRODUCT_NAME = "$(TARGET_NAME)";
				SWIFT_EMIT_LOC_STRINGS = YES;
				SWIFT_VERSION = 5.0;
				TARGETED_DEVICE_FAMILY = "1,2";
			};
			name = Debug;
		};
		84CEB8B42DC023C800D71D3E /* Release */ = {
			isa = XCBuildConfiguration;
			buildSettings = {
				ASSETCATALOG_COMPILER_APPICON_NAME = AppIcon;
				ASSETCATALOG_COMPILER_GLOBAL_ACCENT_COLOR_NAME = AccentColor;
				CODE_SIGN_ENTITLEMENTS = SpaceFlightNew/SpaceFlightNew.entitlements;
				CODE_SIGN_STYLE = Automatic;
				CURRENT_PROJECT_VERSION = 1;
				DEVELOPMENT_ASSET_PATHS = "\"SpaceFlightNew/Preview Content\"";
				DEVELOPMENT_TEAM = 5UW74DAN6R;
				ENABLE_PREVIEWS = YES;
				GENERATE_INFOPLIST_FILE = YES;
				INFOPLIST_KEY_UIApplicationSceneManifest_Generation = YES;
				INFOPLIST_KEY_UIApplicationSupportsIndirectInputEvents = YES;
				INFOPLIST_KEY_UILaunchScreen_Generation = YES;
				INFOPLIST_KEY_UISupportedInterfaceOrientations_iPad = "UIInterfaceOrientationPortrait UIInterfaceOrientationPortraitUpsideDown UIInterfaceOrientationLandscapeLeft UIInterfaceOrientationLandscapeRight";
				INFOPLIST_KEY_UISupportedInterfaceOrientations_iPhone = "UIInterfaceOrientationPortrait UIInterfaceOrientationLandscapeLeft UIInterfaceOrientationLandscapeRight";
				LD_RUNPATH_SEARCH_PATHS = (
					"$(inherited)",
					"@executable_path/Frameworks",
				);
				MARKETING_VERSION = 1.0;
				PRODUCT_BUNDLE_IDENTIFIER = com.amini.SpaceFlightNew;
				PRODUCT_NAME = "$(TARGET_NAME)";
				SWIFT_EMIT_LOC_STRINGS = YES;
				SWIFT_VERSION = 5.0;
				TARGETED_DEVICE_FAMILY = "1,2";
			};
			name = Release;
		};
		84CEB8B62DC023C800D71D3E /* Debug */ = {
			isa = XCBuildConfiguration;
			buildSettings = {
				BUNDLE_LOADER = "$(TEST_HOST)";
				CODE_SIGN_STYLE = Automatic;
				CURRENT_PROJECT_VERSION = 1;
				DEVELOPMENT_TEAM = 5UW74DAN6R;
				GENERATE_INFOPLIST_FILE = YES;
				IPHONEOS_DEPLOYMENT_TARGET = 18.0;
				MARKETING_VERSION = 1.0;
				PRODUCT_BUNDLE_IDENTIFIER = com.amini.SpaceFlightNewTests;
				PRODUCT_NAME = "$(TARGET_NAME)";
				SWIFT_EMIT_LOC_STRINGS = NO;
				SWIFT_VERSION = 5.0;
				TARGETED_DEVICE_FAMILY = "1,2";
				TEST_HOST = "$(BUILT_PRODUCTS_DIR)/SpaceFlightNew.app/$(BUNDLE_EXECUTABLE_FOLDER_PATH)/SpaceFlightNew";
			};
			name = Debug;
		};
		84CEB8B72DC023C800D71D3E /* Release */ = {
			isa = XCBuildConfiguration;
			buildSettings = {
				BUNDLE_LOADER = "$(TEST_HOST)";
				CODE_SIGN_STYLE = Automatic;
				CURRENT_PROJECT_VERSION = 1;
				DEVELOPMENT_TEAM = 5UW74DAN6R;
				GENERATE_INFOPLIST_FILE = YES;
				IPHONEOS_DEPLOYMENT_TARGET = 18.0;
				MARKETING_VERSION = 1.0;
				PRODUCT_BUNDLE_IDENTIFIER = com.amini.SpaceFlightNewTests;
				PRODUCT_NAME = "$(TARGET_NAME)";
				SWIFT_EMIT_LOC_STRINGS = NO;
				SWIFT_VERSION = 5.0;
				TARGETED_DEVICE_FAMILY = "1,2";
				TEST_HOST = "$(BUILT_PRODUCTS_DIR)/SpaceFlightNew.app/$(BUNDLE_EXECUTABLE_FOLDER_PATH)/SpaceFlightNew";
			};
			name = Release;
		};
		84CEB8B92DC023C800D71D3E /* Debug */ = {
			isa = XCBuildConfiguration;
			buildSettings = {
				CODE_SIGN_STYLE = Automatic;
				CURRENT_PROJECT_VERSION = 1;
				DEVELOPMENT_TEAM = 5UW74DAN6R;
				GENERATE_INFOPLIST_FILE = YES;
				MARKETING_VERSION = 1.0;
				PRODUCT_BUNDLE_IDENTIFIER = com.amini.SpaceFlightNewUITests;
				PRODUCT_NAME = "$(TARGET_NAME)";
				SWIFT_EMIT_LOC_STRINGS = NO;
				SWIFT_VERSION = 5.0;
				TARGETED_DEVICE_FAMILY = "1,2";
				TEST_TARGET_NAME = SpaceFlightNew;
			};
			name = Debug;
		};
		84CEB8BA2DC023C800D71D3E /* Release */ = {
			isa = XCBuildConfiguration;
			buildSettings = {
				CODE_SIGN_STYLE = Automatic;
				CURRENT_PROJECT_VERSION = 1;
				DEVELOPMENT_TEAM = 5UW74DAN6R;
				GENERATE_INFOPLIST_FILE = YES;
				MARKETING_VERSION = 1.0;
				PRODUCT_BUNDLE_IDENTIFIER = com.amini.SpaceFlightNewUITests;
				PRODUCT_NAME = "$(TARGET_NAME)";
				SWIFT_EMIT_LOC_STRINGS = NO;
				SWIFT_VERSION = 5.0;
				TARGETED_DEVICE_FAMILY = "1,2";
				TEST_TARGET_NAME = SpaceFlightNew;
			};
			name = Release;
		};
/* End XCBuildConfiguration section */

/* Begin XCConfigurationList section */
		84CEB8892DC023C600D71D3E /* Build configuration list for PBXProject "SpaceFlightNew" */ = {
			isa = XCConfigurationList;
			buildConfigurations = (
				84CEB8B02DC023C800D71D3E /* Debug */,
				84CEB8B12DC023C800D71D3E /* Release */,
			);
			defaultConfigurationIsVisible = 0;
			defaultConfigurationName = Release;
		};
		84CEB8B22DC023C800D71D3E /* Build configuration list for PBXNativeTarget "SpaceFlightNew" */ = {
			isa = XCConfigurationList;
			buildConfigurations = (
				84CEB8B32DC023C800D71D3E /* Debug */,
				84CEB8B42DC023C800D71D3E /* Release */,
			);
			defaultConfigurationIsVisible = 0;
			defaultConfigurationName = Release;
		};
		84CEB8B52DC023C800D71D3E /* Build configuration list for PBXNativeTarget "SpaceFlightNewTests" */ = {
			isa = XCConfigurationList;
			buildConfigurations = (
				84CEB8B62DC023C800D71D3E /* Debug */,
				84CEB8B72DC023C800D71D3E /* Release */,
			);
			defaultConfigurationIsVisible = 0;
			defaultConfigurationName = Release;
		};
		84CEB8B82DC023C800D71D3E /* Build configuration list for PBXNativeTarget "SpaceFlightNewUITests" */ = {
			isa = XCConfigurationList;
			buildConfigurations = (
				84CEB8B92DC023C800D71D3E /* Debug */,
				84CEB8BA2DC023C800D71D3E /* Release */,
			);
			defaultConfigurationIsVisible = 0;
			defaultConfigurationName = Release;
		};
/* End XCConfigurationList section */

/* Begin XCRemoteSwiftPackageReference section */
		84CEB8BB2DC024EF00D71D3E /* XCRemoteSwiftPackageReference "Auth0" */ = {
			isa = XCRemoteSwiftPackageReference;
			repositoryURL = "https://github.com/auth0/Auth0.swift";
			requirement = {
				kind = upToNextMajorVersion;
				minimumVersion = 2.11.0;
			};
		};
/* End XCRemoteSwiftPackageReference section */

/* Begin XCSwiftPackageProductDependency section */
		84CEB9332DC0558000D71D3E /* Auth0 */ = {
			isa = XCSwiftPackageProductDependency;
			package = 84CEB8BB2DC024EF00D71D3E /* XCRemoteSwiftPackageReference "Auth0" */;
			productName = Auth0;
		};
/* End XCSwiftPackageProductDependency section */
	};
	rootObject = 84CEB8862DC023C600D71D3E /* Project object */;
}
